// !$*UTF8*$!
{
	archiveVersion = 1;
	classes = {
	};
	objectVersion = 46;
	objects = {

/* Begin PBXBuildFile section */
		65EF6618BD7F9ADF1DB2E196 /* AIVPNTests.swift in Sources */ = {isa = PBXBuildFile; fileRef = 497F2DA444CE3BA6389A91F2 /* AIVPNTests.swift */; };
		7269C3E0FFE2671F40EF3C3B /* AIVPNTunnel.appex in Embed App Extensions */ = {isa = PBXBuildFile; fileRef = 0089E0796DED017F99CB9B54 /* AIVPNTunnel.appex */; };
		7BCE7BEF2E815D626C6145C3 /* ContentView.swift in Sources */ = {isa = PBXBuildFile; fileRef = BFE5E48074184C4DE1233D2C /* ContentView.swift */; };
		8F1316E3401F0DC27777E901 /* Foundation.framework in Frameworks */ = {isa = PBXBuildFile; fileRef = 8237ADA74B9AB0E28CC7E773 /* Foundation.framework */; };
		8F45642796E96FEA555DAD42 /* AIVPNConnectionKey.swift in Sources */ = {isa = PBXBuildFile; fileRef = 270A8ED2A7000008BA3120D2 /* AIVPNConnectionKey.swift */; };
		922811ECC288454190E9AF76 /* Foundation.framework in Frameworks */ = {isa = PBXBuildFile; fileRef = 8237ADA74B9AB0E28CC7E773 /* Foundation.framework */; };
		B5D50781DFFE6C4C223A7881 /* AIVPNApp.swift in Sources */ = {isa = PBXBuildFile; fileRef = 9FB8B7675A05B1519BDB0DAD /* AIVPNApp.swift */; };
		E1A5551EF9F37CA52645ACBB /* Foundation.framework in Frameworks */ = {isa = PBXBuildFile; fileRef = 8237ADA74B9AB0E28CC7E773 /* Foundation.framework */; };
		ED38E6DF9D4B20CBB5C9A50C /* NetworkExtension.framework in Frameworks */ = {isa = PBXBuildFile; fileRef = 47F892AF4F5A0EF78E7B1CB2 /* NetworkExtension.framework */; };
		F85B7B13AFE94C820F72E6E7 /* PacketTunnelProvider.swift in Sources */ = {isa = PBXBuildFile; fileRef = BE6741BF9F137F016BCAEC3D /* PacketTunnelProvider.swift */; };
		FD6452DA7696130372DC1294 /* VPNConnectionViewModel.swift in Sources */ = {isa = PBXBuildFile; fileRef = 5A3072053B626D77CDBEE8DF /* VPNConnectionViewModel.swift */; };
/* End PBXBuildFile section */

/* Begin PBXContainerItemProxy section */
		1394338DDF32A86B915C9B51 /* PBXContainerItemProxy */ = {
			isa = PBXContainerItemProxy;
			containerPortal = A346E8F909AFD6A4361120B9 /* Project object */;
			proxyType = 1;
			remoteGlobalIDString = 74F505D715F019387604F0E1;
			remoteInfo = AIVPNTunnel;
		};
		16775B7B728941F3AA384E13 /* PBXContainerItemProxy */ = {
			isa = PBXContainerItemProxy;
			containerPortal = A346E8F909AFD6A4361120B9 /* Project object */;
			proxyType = 1;
			remoteGlobalIDString = B68B8AB9212D36E9DC93C134;
			remoteInfo = AIVPN;
		};
/* End PBXContainerItemProxy section */

/* Begin PBXCopyFilesBuildPhase section */
		2FCAEF739A6019F442A0F26D /* Embed App Extensions */ = {
			isa = PBXCopyFilesBuildPhase;
			buildActionMask = 2147483647;
			dstPath = "";
			dstSubfolderSpec = 13;
			files = (
				7269C3E0FFE2671F40EF3C3B /* AIVPNTunnel.appex in Embed App Extensions */,
			);
			name = "Embed App Extensions";
			runOnlyForDeploymentPostprocessing = 0;
		};
/* End PBXCopyFilesBuildPhase section */

/* Begin PBXFileReference section */
		0089E0796DED017F99CB9B54 /* AIVPNTunnel.appex */ = {isa = PBXFileReference; explicitFileType = "wrapper.app-extension"; includeInIndex = 0; path = AIVPNTunnel.appex; sourceTree = BUILT_PRODUCTS_DIR; };
		270A8ED2A7000008BA3120D2 /* AIVPNConnectionKey.swift */ = {isa = PBXFileReference; includeInIndex = 1; lastKnownFileType = sourcecode.swift; path = AIVPNConnectionKey.swift; sourceTree = "<group>"; };
		36A22163AC6B9179E70A76D4 /* AIVPNTests.xctest */ = {isa = PBXFileReference; explicitFileType = wrapper.cfbundle; includeInIndex = 0; path = AIVPNTests.xctest; sourceTree = BUILT_PRODUCTS_DIR; };
		47F892AF4F5A0EF78E7B1CB2 /* NetworkExtension.framework */ = {isa = PBXFileReference; lastKnownFileType = wrapper.framework; name = NetworkExtension.framework; path = System/Library/Frameworks/NetworkExtension.framework; sourceTree = "<group>"; };
		497F2DA444CE3BA6389A91F2 /* AIVPNTests.swift */ = {isa = PBXFileReference; includeInIndex = 1; lastKnownFileType = sourcecode.swift; path = AIVPNTests.swift; sourceTree = "<group>"; };
		5A3072053B626D77CDBEE8DF /* VPNConnectionViewModel.swift */ = {isa = PBXFileReference; includeInIndex = 1; lastKnownFileType = sourcecode.swift; path = VPNConnectionViewModel.swift; sourceTree = "<group>"; };
		8237ADA74B9AB0E28CC7E773 /* Foundation.framework */ = {isa = PBXFileReference; lastKnownFileType = wrapper.framework; name = Foundation.framework; path = Platforms/iPhoneOS.platform/Developer/SDKs/iPhoneOS18.0.sdk/System/Library/Frameworks/Foundation.framework; sourceTree = DEVELOPER_DIR; };
		9FB8B7675A05B1519BDB0DAD /* AIVPNApp.swift */ = {isa = PBXFileReference; includeInIndex = 1; lastKnownFileType = sourcecode.swift; path = AIVPNApp.swift; sourceTree = "<group>"; };
		BE6741BF9F137F016BCAEC3D /* PacketTunnelProvider.swift */ = {isa = PBXFileReference; includeInIndex = 1; lastKnownFileType = sourcecode.swift; path = PacketTunnelProvider.swift; sourceTree = "<group>"; };
		BFE5E48074184C4DE1233D2C /* ContentView.swift */ = {isa = PBXFileReference; includeInIndex = 1; lastKnownFileType = sourcecode.swift; path = ContentView.swift; sourceTree = "<group>"; };
		DEBEFBED0172BA19F2304CD7 /* AIVPN.app */ = {isa = PBXFileReference; explicitFileType = wrapper.application; includeInIndex = 0; path = AIVPN.app; sourceTree = BUILT_PRODUCTS_DIR; };
/* End PBXFileReference section */

/* Begin PBXFrameworksBuildPhase section */
		293B8A721C0AF16E093BF7D5 /* Frameworks */ = {
			isa = PBXFrameworksBuildPhase;
			buildActionMask = 2147483647;
			files = (
				8F1316E3401F0DC27777E901 /* Foundation.framework in Frameworks */,
				ED38E6DF9D4B20CBB5C9A50C /* NetworkExtension.framework in Frameworks */,
			);
			runOnlyForDeploymentPostprocessing = 0;
		};
		4A418A385A0B6F0E2645DC9A /* Frameworks */ = {
			isa = PBXFrameworksBuildPhase;
			buildActionMask = 2147483647;
			files = (
				E1A5551EF9F37CA52645ACBB /* Foundation.framework in Frameworks */,
			);
			runOnlyForDeploymentPostprocessing = 0;
		};
		B2D945526FFE03FCE132DAF5 /* Frameworks */ = {
			isa = PBXFrameworksBuildPhase;
			buildActionMask = 2147483647;
			files = (
				922811ECC288454190E9AF76 /* Foundation.framework in Frameworks */,
			);
			runOnlyForDeploymentPostprocessing = 0;
		};
/* End PBXFrameworksBuildPhase section */

/* Begin PBXGroup section */
		10CA371EDC0ABE903F808259 = {
			isa = PBXGroup;
			children = (
				D456BF051CF88173C8EF3508 /* Products */,
				9E8F35B852D18EA91EA1BD3C /* Frameworks */,
				D823E49702C7395679BBDE8C /* AIVPNApp */,
				15656135FE5CFE5E5082CE49 /* AIVPNTunnel */,
				ACE9BB7DAFC19484F30F333C /* Tests */,
			);
			sourceTree = "<group>";
		};
		15656135FE5CFE5E5082CE49 /* AIVPNTunnel */ = {
			isa = PBXGroup;
			children = (
				BE6741BF9F137F016BCAEC3D /* PacketTunnelProvider.swift */,
			);
			name = AIVPNTunnel;
			path = AIVPNTunnel;
			sourceTree = "<group>";
		};
		931F1E8D4909F3BC61486BAF /* iOS */ = {
			isa = PBXGroup;
			children = (
				8237ADA74B9AB0E28CC7E773 /* Foundation.framework */,
			);
			name = iOS;
			sourceTree = "<group>";
		};
		9E8F35B852D18EA91EA1BD3C /* Frameworks */ = {
			isa = PBXGroup;
			children = (
				931F1E8D4909F3BC61486BAF /* iOS */,
				47F892AF4F5A0EF78E7B1CB2 /* NetworkExtension.framework */,
			);
			name = Frameworks;
			sourceTree = "<group>";
		};
		ACE9BB7DAFC19484F30F333C /* Tests */ = {
			isa = PBXGroup;
			children = (
				497F2DA444CE3BA6389A91F2 /* AIVPNTests.swift */,
			);
			name = Tests;
			path = Tests;
			sourceTree = "<group>";
		};
		D456BF051CF88173C8EF3508 /* Products */ = {
			isa = PBXGroup;
			children = (
				DEBEFBED0172BA19F2304CD7 /* AIVPN.app */,
				0089E0796DED017F99CB9B54 /* AIVPNTunnel.appex */,
				36A22163AC6B9179E70A76D4 /* AIVPNTests.xctest */,
			);
			name = Products;
			sourceTree = "<group>";
		};
		D823E49702C7395679BBDE8C /* AIVPNApp */ = {
			isa = PBXGroup;
			children = (
				9FB8B7675A05B1519BDB0DAD /* AIVPNApp.swift */,
				270A8ED2A7000008BA3120D2 /* AIVPNConnectionKey.swift */,
				BFE5E48074184C4DE1233D2C /* ContentView.swift */,
				5A3072053B626D77CDBEE8DF /* VPNConnectionViewModel.swift */,
			);
			name = AIVPNApp;
			path = AIVPNApp;
			sourceTree = "<group>";
		};
/* End PBXGroup section */

/* Begin PBXNativeTarget section */
		29FA624BB3C96D6137EC266D /* AIVPNTests */ = {
			isa = PBXNativeTarget;
			buildConfigurationList = 38B2E8B3454B77F44CEE86DD /* Build configuration list for PBXNativeTarget "AIVPNTests" */;
			buildPhases = (
				F700747A76F69B898C49FE85 /* Sources */,
				4A418A385A0B6F0E2645DC9A /* Frameworks */,
				FFAA64C6FAB25D18BD90EE62 /* Resources */,
			);
			buildRules = (
			);
			dependencies = (
				0B43BDE8FB4DA8CC237E2905 /* PBXTargetDependency */,
			);
			name = AIVPNTests;
			productName = AIVPNTests;
			productReference = 36A22163AC6B9179E70A76D4 /* AIVPNTests.xctest */;
			productType = "com.apple.product-type.bundle.unit-test";
		};
		74F505D715F019387604F0E1 /* AIVPNTunnel */ = {
			isa = PBXNativeTarget;
			buildConfigurationList = 07DAE0C2A26E2895A8E84A5E /* Build configuration list for PBXNativeTarget "AIVPNTunnel" */;
			buildPhases = (
				6EEBACF2074D1659C1C2E248 /* Sources */,
				293B8A721C0AF16E093BF7D5 /* Frameworks */,
				BAD61EFD1B170627D445CF54 /* Resources */,
			);
			buildRules = (
			);
			dependencies = (
			);
			name = AIVPNTunnel;
			productName = AIVPNTunnel;
			productReference = 0089E0796DED017F99CB9B54 /* AIVPNTunnel.appex */;
			productType = "com.apple.product-type.app-extension";
		};
		B68B8AB9212D36E9DC93C134 /* AIVPN */ = {
			isa = PBXNativeTarget;
			buildConfigurationList = F1032C605A76C16F60CF7201 /* Build configuration list for PBXNativeTarget "AIVPN" */;
			buildPhases = (
				295FB9C94BC51289490974E5 /* Sources */,
				B2D945526FFE03FCE132DAF5 /* Frameworks */,
				03E0A6334552360DA9B7538A /* Resources */,
				2FCAEF739A6019F442A0F26D /* Embed App Extensions */,
			);
			buildRules = (
			);
			dependencies = (
				41F676DC55FBE48B61AA6A97 /* PBXTargetDependency */,
			);
			name = AIVPN;
			productName = AIVPN;
			productReference = DEBEFBED0172BA19F2304CD7 /* AIVPN.app */;
			productType = "com.apple.product-type.application";
		};
/* End PBXNativeTarget section */

/* Begin PBXProject section */
		A346E8F909AFD6A4361120B9 /* Project object */ = {
			isa = PBXProject;
			attributes = {
				LastSwiftUpdateCheck = 1600;
				LastUpgradeCheck = 1600;
			};
			buildConfigurationList = AED4C9C4E7AECE569A74E4C8 /* Build configuration list for PBXProject "AIVPN" */;
			compatibilityVersion = "Xcode 3.2";
			developmentRegion = en;
			hasScannedForEncodings = 0;
			knownRegions = (
				en,
				Base,
			);
			mainGroup = 10CA371EDC0ABE903F808259;
			minimizedProjectReferenceProxies = 0;
			preferredProjectObjectVersion = 77;
			productRefGroup = D456BF051CF88173C8EF3508 /* Products */;
			projectDirPath = "";
			projectRoot = "";
			targets = (
				B68B8AB9212D36E9DC93C134 /* AIVPN */,
				74F505D715F019387604F0E1 /* AIVPNTunnel */,
				29FA624BB3C96D6137EC266D /* AIVPNTests */,
			);
		};
/* End PBXProject section */

/* Begin PBXResourcesBuildPhase section */
		03E0A6334552360DA9B7538A /* Resources */ = {
			isa = PBXResourcesBuildPhase;
			buildActionMask = 2147483647;
			files = (
			);
			runOnlyForDeploymentPostprocessing = 0;
		};
		BAD61EFD1B170627D445CF54 /* Resources */ = {
			isa = PBXResourcesBuildPhase;
			buildActionMask = 2147483647;
			files = (
			);
			runOnlyForDeploymentPostprocessing = 0;
		};
		FFAA64C6FAB25D18BD90EE62 /* Resources */ = {
			isa = PBXResourcesBuildPhase;
			buildActionMask = 2147483647;
			files = (
			);
			runOnlyForDeploymentPostprocessing = 0;
		};
/* End PBXResourcesBuildPhase section */

/* Begin PBXSourcesBuildPhase section */
		295FB9C94BC51289490974E5 /* Sources */ = {
			isa = PBXSourcesBuildPhase;
			buildActionMask = 2147483647;
			files = (
				B5D50781DFFE6C4C223A7881 /* AIVPNApp.swift in Sources */,
				8F45642796E96FEA555DAD42 /* AIVPNConnectionKey.swift in Sources */,
				7BCE7BEF2E815D626C6145C3 /* ContentView.swift in Sources */,
				FD6452DA7696130372DC1294 /* VPNConnectionViewModel.swift in Sources */,
			);
			runOnlyForDeploymentPostprocessing = 0;
		};
		6EEBACF2074D1659C1C2E248 /* Sources */ = {
			isa = PBXSourcesBuildPhase;
			buildActionMask = 2147483647;
			files = (
				F85B7B13AFE94C820F72E6E7 /* PacketTunnelProvider.swift in Sources */,
			);
			runOnlyForDeploymentPostprocessing = 0;
		};
		F700747A76F69B898C49FE85 /* Sources */ = {
			isa = PBXSourcesBuildPhase;
			buildActionMask = 2147483647;
			files = (
				65EF6618BD7F9ADF1DB2E196 /* AIVPNTests.swift in Sources */,
			);
			runOnlyForDeploymentPostprocessing = 0;
		};
/* End PBXSourcesBuildPhase section */

/* Begin PBXTargetDependency section */
		0B43BDE8FB4DA8CC237E2905 /* PBXTargetDependency */ = {
			isa = PBXTargetDependency;
			name = AIVPN;
			target = B68B8AB9212D36E9DC93C134 /* AIVPN */;
			targetProxy = 16775B7B728941F3AA384E13 /* PBXContainerItemProxy */;
		};
		41F676DC55FBE48B61AA6A97 /* PBXTargetDependency */ = {
			isa = PBXTargetDependency;
			name = AIVPNTunnel;
			target = 74F505D715F019387604F0E1 /* AIVPNTunnel */;
			targetProxy = 1394338DDF32A86B915C9B51 /* PBXContainerItemProxy */;
		};
/* End PBXTargetDependency section */

/* Begin XCBuildConfiguration section */
			1ED4F93B93C3EE53CB9CDE83 /* Release */ = {
				isa = XCBuildConfiguration;
				buildSettings = {
					ASSETCATALOG_COMPILER_APPICON_NAME = AppIcon;
					ASSETCATALOG_COMPILER_GLOBAL_ACCENT_COLOR_NAME = AccentColor;
					CLANG_ENABLE_OBJC_WEAK = NO;
					CODE_SIGN_STYLE = Automatic;
					"EXCLUDED_ARCHS[sdk=iphonesimulator*]" = x86_64;
					GENERATE_INFOPLIST_FILE = YES;
					HEADER_SEARCH_PATHS = (
						"$(inherited)",
						"$(PROJECT_DIR)/rust-core/include",
					);
					IPHONEOS_DEPLOYMENT_TARGET = 16.0;
					LD_RUNPATH_SEARCH_PATHS = "$(inherited) @executable_path/Frameworks";
					LIBRARY_SEARCH_PATHS = "$(inherited)";
					"LIBRARY_SEARCH_PATHS[sdk=iphoneos*]" = (
						"$(inherited)",
						"$(PROJECT_DIR)/rust-core/aivpn-ios-core/target/aarch64-apple-ios/release",
					);
					"LIBRARY_SEARCH_PATHS[sdk=iphonesimulator*]" = (
						"$(inherited)",
						"$(PROJECT_DIR)/rust-core/aivpn-ios-core/target/aarch64-apple-ios-sim/release",
					);
					OTHER_LDFLAGS = (
						"$(inherited)",
						"-laivpn_ios_core",
					);
					PRODUCT_BUNDLE_IDENTIFIER = com.aivpn.ios;
					PRODUCT_NAME = AIVPN;
					SDKROOT = iphoneos;
					SWIFT_OBJC_BRIDGING_HEADER = AIVPNApp/AIVPN-Bridging-Header.h;
					SWIFT_VERSION = 5.0;
					TARGETED_DEVICE_FAMILY = "1,2";
					VALIDATE_PRODUCT = YES;
				};
				name = Release;
		};
		251C0A6B73462272982337D3 /* Release */ = {
			isa = XCBuildConfiguration;
			buildSettings = {
				ALWAYS_SEARCH_USER_PATHS = NO;
				CLANG_ANALYZER_NONNULL = YES;
				CLANG_ANALYZER_NUMBER_OBJECT_CONVERSION = YES_AGGRESSIVE;
				CLANG_CXX_LANGUAGE_STANDARD = "gnu++14";
				CLANG_CXX_LIBRARY = "libc++";
				CLANG_ENABLE_MODULES = YES;
				CLANG_ENABLE_OBJC_ARC = YES;
				CLANG_ENABLE_OBJC_WEAK = YES;
				CLANG_WARN_BLOCK_CAPTURE_AUTORELEASING = YES;
				CLANG_WARN_BOOL_CONVERSION = YES;
				CLANG_WARN_COMMA = YES;
				CLANG_WARN_CONSTANT_CONVERSION = YES;
				CLANG_WARN_DEPRECATED_OBJC_IMPLEMENTATIONS = YES;
				CLANG_WARN_DIRECT_OBJC_ISA_USAGE = YES_ERROR;
				CLANG_WARN_DOCUMENTATION_COMMENTS = YES;
				CLANG_WARN_EMPTY_BODY = YES;
				CLANG_WARN_ENUM_CONVERSION = YES;
				CLANG_WARN_INFINITE_RECURSION = YES;
				CLANG_WARN_INT_CONVERSION = YES;
				CLANG_WARN_NON_LITERAL_NULL_CONVERSION = YES;
				CLANG_WARN_OBJC_IMPLICIT_RETAIN_SELF = YES;
				CLANG_WARN_OBJC_LITERAL_CONVERSION = YES;
				CLANG_WARN_OBJC_ROOT_CLASS = YES_ERROR;
				CLANG_WARN_QUOTED_INCLUDE_IN_FRAMEWORK_HEADER = YES;
				CLANG_WARN_RANGE_LOOP_ANALYSIS = YES;
				CLANG_WARN_STRICT_PROTOTYPES = YES;
				CLANG_WARN_SUSPICIOUS_MOVE = YES;
				CLANG_WARN_UNGUARDED_AVAILABILITY = YES_AGGRESSIVE;
				CLANG_WARN_UNREACHABLE_CODE = YES;
				CLANG_WARN__DUPLICATE_METHOD_MATCH = YES;
				COPY_PHASE_STRIP = NO;
				DEBUG_INFORMATION_FORMAT = "dwarf-with-dsym";
				ENABLE_NS_ASSERTIONS = NO;
				ENABLE_STRICT_OBJC_MSGSEND = YES;
				GCC_C_LANGUAGE_STANDARD = gnu11;
				GCC_NO_COMMON_BLOCKS = YES;
				GCC_WARN_64_TO_32_BIT_CONVERSION = YES;
				GCC_WARN_ABOUT_RETURN_TYPE = YES_ERROR;
				GCC_WARN_UNDECLARED_SELECTOR = YES;
				GCC_WARN_UNINITIALIZED_AUTOS = YES_AGGRESSIVE;
				GCC_WARN_UNUSED_FUNCTION = YES;
				GCC_WARN_UNUSED_VARIABLE = YES;
				MTL_ENABLE_DEBUG_INFO = NO;
				MTL_FAST_MATH = YES;
				PRODUCT_NAME = "$(TARGET_NAME)";
				SWIFT_COMPILATION_MODE = wholemodule;
				SWIFT_OPTIMIZATION_LEVEL = "-O";
				SWIFT_VERSION = 5.0;
			};
			name = Release;
		};
			301AE514F224E395568030A5 /* Release */ = {
				isa = XCBuildConfiguration;
				buildSettings = {
					APPLICATION_EXTENSION_API_ONLY = YES;
					CLANG_ENABLE_OBJC_WEAK = NO;
					CODE_SIGN_STYLE = Automatic;
						"EXCLUDED_ARCHS[sdk=iphonesimulator*]" = x86_64;
					GENERATE_INFOPLIST_FILE = NO;
					HEADER_SEARCH_PATHS = (
						"$(inherited)",
						"$(PROJECT_DIR)/rust-core/include",
					);
					INFOPLIST_FILE = AIVPNTunnel/Info.plist;
					IPHONEOS_DEPLOYMENT_TARGET = 16.0;
					LD_RUNPATH_SEARCH_PATHS = "$(inherited) @executable_path/Frameworks @executable_path/../../Frameworks";
					LIBRARY_SEARCH_PATHS = "$(inherited)";
					"LIBRARY_SEARCH_PATHS[sdk=iphoneos*]" = (
						"$(inherited)",
						"$(PROJECT_DIR)/rust-core/aivpn-ios-core/target/aarch64-apple-ios/release",
					);
					"LIBRARY_SEARCH_PATHS[sdk=iphonesimulator*]" = (
						"$(inherited)",
						"$(PROJECT_DIR)/rust-core/aivpn-ios-core/target/aarch64-apple-ios-sim/release",
					);
					OTHER_LDFLAGS = (
						"$(inherited)",
						"-laivpn_ios_core",
					);
					PRODUCT_BUNDLE_IDENTIFIER = com.aivpn.ios.tunnel;
					PRODUCT_NAME = AIVPNTunnel;
					SDKROOT = iphoneos;
					SWIFT_OBJC_BRIDGING_HEADER = AIVPNTunnel/AIVPNTunnel-Bridging-Header.h;
					SWIFT_VERSION = 5.0;
					TARGETED_DEVICE_FAMILY = "1,2";
					VALIDATE_PRODUCT = YES;
				};
				name = Release;
		};
			3CF9838983ACC0CFED4197D1 /* Release */ = {
				isa = XCBuildConfiguration;
				buildSettings = {
					BUNDLE_LOADER = "$(TEST_HOST)";
					CLANG_ENABLE_OBJC_WEAK = NO;
					CODE_SIGN_STYLE = Automatic;
						"EXCLUDED_ARCHS[sdk=iphonesimulator*]" = x86_64;
					GENERATE_INFOPLIST_FILE = YES;
					IPHONEOS_DEPLOYMENT_TARGET = 16.0;
					PRODUCT_BUNDLE_IDENTIFIER = com.aivpn.ios.tests;
					PRODUCT_NAME = AIVPNTests;
				SDKROOT = iphoneos;
				SWIFT_VERSION = 5.0;
				TEST_HOST = "$(BUILT_PRODUCTS_DIR)/AIVPN.app/AIVPN";
				VALIDATE_PRODUCT = YES;
			};
			name = Release;
		};
			49F62A884D800A2032166699 /* Debug */ = {
				isa = XCBuildConfiguration;
				buildSettings = {
					ASSETCATALOG_COMPILER_APPICON_NAME = AppIcon;
					ASSETCATALOG_COMPILER_GLOBAL_ACCENT_COLOR_NAME = AccentColor;
					CLANG_ENABLE_OBJC_WEAK = NO;
					CODE_SIGN_STYLE = Automatic;
						"EXCLUDED_ARCHS[sdk=iphonesimulator*]" = x86_64;
					GENERATE_INFOPLIST_FILE = YES;
					HEADER_SEARCH_PATHS = (
						"$(inherited)",
						"$(PROJECT_DIR)/rust-core/include",
					);
					IPHONEOS_DEPLOYMENT_TARGET = 16.0;
					LD_RUNPATH_SEARCH_PATHS = "$(inherited) @executable_path/Frameworks";
					LIBRARY_SEARCH_PATHS = "$(inherited)";
					"LIBRARY_SEARCH_PATHS[sdk=iphoneos*]" = (
						"$(inherited)",
						"$(PROJECT_DIR)/rust-core/aivpn-ios-core/target/aarch64-apple-ios/release",
					);
					"LIBRARY_SEARCH_PATHS[sdk=iphonesimulator*]" = (
						"$(inherited)",
						"$(PROJECT_DIR)/rust-core/aivpn-ios-core/target/aarch64-apple-ios-sim/release",
					);
					OTHER_LDFLAGS = (
						"$(inherited)",
						"-laivpn_ios_core",
					);
					PRODUCT_BUNDLE_IDENTIFIER = com.aivpn.ios;
					PRODUCT_NAME = AIVPN;
					SDKROOT = iphoneos;
					SWIFT_OBJC_BRIDGING_HEADER = AIVPNApp/AIVPN-Bridging-Header.h;
					SWIFT_VERSION = 5.0;
					TARGETED_DEVICE_FAMILY = "1,2";
				};
				name = Debug;
		};
			75E9D800660B126E6BE4C4B6 /* Debug */ = {
				isa = XCBuildConfiguration;
				buildSettings = {
					BUNDLE_LOADER = "$(TEST_HOST)";
					CLANG_ENABLE_OBJC_WEAK = NO;
					CODE_SIGN_STYLE = Automatic;
						"EXCLUDED_ARCHS[sdk=iphonesimulator*]" = x86_64;
					GENERATE_INFOPLIST_FILE = YES;
					IPHONEOS_DEPLOYMENT_TARGET = 16.0;
					PRODUCT_BUNDLE_IDENTIFIER = com.aivpn.ios.tests;
					PRODUCT_NAME = AIVPNTests;
				SDKROOT = iphoneos;
				SWIFT_VERSION = 5.0;
				TEST_HOST = "$(BUILT_PRODUCTS_DIR)/AIVPN.app/AIVPN";
			};
			name = Debug;
		};
			BA067915A77CB0A8CEEC5878 /* Debug */ = {
				isa = XCBuildConfiguration;
				buildSettings = {
					APPLICATION_EXTENSION_API_ONLY = YES;
					CLANG_ENABLE_OBJC_WEAK = NO;
					CODE_SIGN_STYLE = Automatic;
						"EXCLUDED_ARCHS[sdk=iphonesimulator*]" = x86_64;
					GENERATE_INFOPLIST_FILE = NO;
					HEADER_SEARCH_PATHS = (
						"$(inherited)",
						"$(PROJECT_DIR)/rust-core/include",
					);
					INFOPLIST_FILE = AIVPNTunnel/Info.plist;
					IPHONEOS_DEPLOYMENT_TARGET = 16.0;
					LD_RUNPATH_SEARCH_PATHS = "$(inherited) @executable_path/Frameworks @executable_path/../../Frameworks";
					LIBRARY_SEARCH_PATHS = "$(inherited)";
					"LIBRARY_SEARCH_PATHS[sdk=iphoneos*]" = (
						"$(inherited)",
						"$(PROJECT_DIR)/rust-core/aivpn-ios-core/target/aarch64-apple-ios/release",
					);
					"LIBRARY_SEARCH_PATHS[sdk=iphonesimulator*]" = (
						"$(inherited)",
						"$(PROJECT_DIR)/rust-core/aivpn-ios-core/target/aarch64-apple-ios-sim/release",
					);
					OTHER_LDFLAGS = (
						"$(inherited)",
						"-laivpn_ios_core",
					);
					PRODUCT_BUNDLE_IDENTIFIER = com.aivpn.ios.tunnel;
					PRODUCT_NAME = AIVPNTunnel;
					SDKROOT = iphoneos;
					SWIFT_OBJC_BRIDGING_HEADER = AIVPNTunnel/AIVPNTunnel-Bridging-Header.h;
					SWIFT_VERSION = 5.0;
					TARGETED_DEVICE_FAMILY = "1,2";
				};
				name = Debug;
		};
		F5E6BA64391A3BA2E6150198 /* Debug */ = {
			isa = XCBuildConfiguration;
			buildSettings = {
				ALWAYS_SEARCH_USER_PATHS = NO;
				CLANG_ANALYZER_NONNULL = YES;
				CLANG_ANALYZER_NUMBER_OBJECT_CONVERSION = YES_AGGRESSIVE;
				CLANG_CXX_LANGUAGE_STANDARD = "gnu++14";
				CLANG_CXX_LIBRARY = "libc++";
				CLANG_ENABLE_MODULES = YES;
				CLANG_ENABLE_OBJC_ARC = YES;
				CLANG_ENABLE_OBJC_WEAK = YES;
				CLANG_WARN_BLOCK_CAPTURE_AUTORELEASING = YES;
				CLANG_WARN_BOOL_CONVERSION = YES;
				CLANG_WARN_COMMA = YES;
				CLANG_WARN_CONSTANT_CONVERSION = YES;
				CLANG_WARN_DEPRECATED_OBJC_IMPLEMENTATIONS = YES;
				CLANG_WARN_DIRECT_OBJC_ISA_USAGE = YES_ERROR;
				CLANG_WARN_DOCUMENTATION_COMMENTS = YES;
				CLANG_WARN_EMPTY_BODY = YES;
				CLANG_WARN_ENUM_CONVERSION = YES;
				CLANG_WARN_INFINITE_RECURSION = YES;
				CLANG_WARN_INT_CONVERSION = YES;
				CLANG_WARN_NON_LITERAL_NULL_CONVERSION = YES;
				CLANG_WARN_OBJC_IMPLICIT_RETAIN_SELF = YES;
				CLANG_WARN_OBJC_LITERAL_CONVERSION = YES;
				CLANG_WARN_OBJC_ROOT_CLASS = YES_ERROR;
				CLANG_WARN_QUOTED_INCLUDE_IN_FRAMEWORK_HEADER = YES;
				CLANG_WARN_RANGE_LOOP_ANALYSIS = YES;
				CLANG_WARN_STRICT_PROTOTYPES = YES;
				CLANG_WARN_SUSPICIOUS_MOVE = YES;
				CLANG_WARN_UNGUARDED_AVAILABILITY = YES_AGGRESSIVE;
				CLANG_WARN_UNREACHABLE_CODE = YES;
				CLANG_WARN__DUPLICATE_METHOD_MATCH = YES;
				COPY_PHASE_STRIP = NO;
				DEBUG_INFORMATION_FORMAT = dwarf;
				ENABLE_STRICT_OBJC_MSGSEND = YES;
				ENABLE_TESTABILITY = YES;
				GCC_C_LANGUAGE_STANDARD = gnu11;
				GCC_DYNAMIC_NO_PIC = NO;
				GCC_NO_COMMON_BLOCKS = YES;
				GCC_OPTIMIZATION_LEVEL = 0;
				GCC_PREPROCESSOR_DEFINITIONS = (
					"DEBUG=1",
					"$(inherited)",
				);
				GCC_WARN_64_TO_32_BIT_CONVERSION = YES;
				GCC_WARN_ABOUT_RETURN_TYPE = YES_ERROR;
				GCC_WARN_UNDECLARED_SELECTOR = YES;
				GCC_WARN_UNINITIALIZED_AUTOS = YES_AGGRESSIVE;
				GCC_WARN_UNUSED_FUNCTION = YES;
				GCC_WARN_UNUSED_VARIABLE = YES;
				MTL_ENABLE_DEBUG_INFO = INCLUDE_SOURCE;
				MTL_FAST_MATH = YES;
				ONLY_ACTIVE_ARCH = YES;
				PRODUCT_NAME = "$(TARGET_NAME)";
				SWIFT_ACTIVE_COMPILATION_CONDITIONS = DEBUG;
				SWIFT_OPTIMIZATION_LEVEL = "-Onone";
				SWIFT_VERSION = 5.0;
			};
			name = Debug;
		};
/* End XCBuildConfiguration section */

/* Begin XCConfigurationList section */
		07DAE0C2A26E2895A8E84A5E /* Build configuration list for PBXNativeTarget "AIVPNTunnel" */ = {
			isa = XCConfigurationList;
			buildConfigurations = (
				301AE514F224E395568030A5 /* Release */,
				BA067915A77CB0A8CEEC5878 /* Debug */,
			);
			defaultConfigurationIsVisible = 0;
			defaultConfigurationName = Release;
		};
		38B2E8B3454B77F44CEE86DD /* Build configuration list for PBXNativeTarget "AIVPNTests" */ = {
			isa = XCConfigurationList;
			buildConfigurations = (
				3CF9838983ACC0CFED4197D1 /* Release */,
				75E9D800660B126E6BE4C4B6 /* Debug */,
			);
			defaultConfigurationIsVisible = 0;
			defaultConfigurationName = Release;
		};
		AED4C9C4E7AECE569A74E4C8 /* Build configuration list for PBXProject "AIVPN" */ = {
			isa = XCConfigurationList;
			buildConfigurations = (
				F5E6BA64391A3BA2E6150198 /* Debug */,
				251C0A6B73462272982337D3 /* Release */,
			);
			defaultConfigurationIsVisible = 0;
			defaultConfigurationName = Release;
		};
		F1032C605A76C16F60CF7201 /* Build configuration list for PBXNativeTarget "AIVPN" */ = {
			isa = XCConfigurationList;
			buildConfigurations = (
				1ED4F93B93C3EE53CB9CDE83 /* Release */,
				49F62A884D800A2032166699 /* Debug */,
			);
			defaultConfigurationIsVisible = 0;
			defaultConfigurationName = Release;
		};
/* End XCConfigurationList section */
	};
	rootObject = A346E8F909AFD6A4361120B9 /* Project object */;
}
